# This file is automatically @generated by Poetry 1.7.1 and should not be changed by hand.

[[package]]
name = "clusterfudge"
version = "0.13.0"
description = "Clusterfudge is a supercomputer scheduler"
optional = false
python-versions = ">=3.8"
files = []
develop = true

[package.dependencies]
dataclasses-json = "0.6.4"
grpcio = "1.62.0"
protobuf = "4.25.3"

[package.source]
type = "directory"
url = "../../clusterfudge_client"

[[package]]
name = "dataclasses-json"
version = "0.6.4"
description = "Easily serialize dataclasses to and from JSON."
optional = false
python-versions = ">=3.7,<4.0"
files = [
    {file = "dataclasses_json-0.6.4-py3-none-any.whl", hash = "sha256:f90578b8a3177f7552f4e1a6e535e84293cd5da421fcce0642d49c0d7bdf8df2"},
    {file = "dataclasses_json-0.6.4.tar.gz", hash = "sha256:73696ebf24936560cca79a2430cbc4f3dd23ac7bf46ed17f38e5e5e7657a6377"},
]

[package.dependencies]
marshmallow = ">=3.18.0,<4.0.0"
typing-inspect = ">=0.4.0,<1"

[[package]]
name = "grpcio"
version = "1.62.0"
description = "HTTP/2-based RPC framework"
optional = false
python-versions = ">=3.7"
files = [
    {file = "grpcio-1.62.0-cp310-cp310-linux_armv7l.whl", hash = "sha256:136ffd79791b1eddda8d827b607a6285474ff8a1a5735c4947b58c481e5e4271"},
    {file = "grpcio-1.62.0-cp310-cp310-macosx_12_0_universal2.whl", hash = "sha256:d6a56ba703be6b6267bf19423d888600c3f574ac7c2cc5e6220af90662a4d6b0"},
    {file = "grpcio-1.62.0-cp310-cp310-manylinux_2_17_aarch64.whl", hash = "sha256:4cd356211579043fce9f52acc861e519316fff93980a212c8109cca8f47366b6"},
    {file = "grpcio-1.62.0-cp310-cp310-manylinux_2_17_i686.manylinux2014_i686.whl", hash = "sha256:e803e9b58d8f9b4ff0ea991611a8d51b31c68d2e24572cd1fe85e99e8cc1b4f8"},
    {file = "grpcio-1.62.0-cp310-cp310-manylinux_2_17_x86_64.manylinux2014_x86_64.whl", hash = "sha256:f4c04fe33039b35b97c02d2901a164bbbb2f21fb9c4e2a45a959f0b044c3512c"},
    {file = "grpcio-1.62.0-cp310-cp310-musllinux_1_1_i686.whl", hash = "sha256:95370c71b8c9062f9ea033a0867c4c73d6f0ff35113ebd2618171ec1f1e903e0"},
    {file = "grpcio-1.62.0-cp310-cp310-musllinux_1_1_x86_64.whl", hash = "sha256:c912688acc05e4ff012c8891803659d6a8a8b5106f0f66e0aed3fb7e77898fa6"},
    {file = "grpcio-1.62.0-cp310-cp310-win32.whl", hash = "sha256:821a44bd63d0f04e33cf4ddf33c14cae176346486b0df08b41a6132b976de5fc"},
    {file = "grpcio-1.62.0-cp310-cp310-win_amd64.whl", hash = "sha256:81531632f93fece32b2762247c4c169021177e58e725494f9a746ca62c83acaa"},
    {file = "grpcio-1.62.0-cp311-cp311-linux_armv7l.whl", hash = "sha256:3fa15850a6aba230eed06b236287c50d65a98f05054a0f01ccedf8e1cc89d57f"},
    {file = "grpcio-1.62.0-cp311-cp311-macosx_10_10_universal2.whl", hash = "sha256:36df33080cd7897623feff57831eb83c98b84640b016ce443305977fac7566fb"},
    {file = "grpcio-1.62.0-cp311-cp311-manylinux_2_17_aarch64.whl", hash = "sha256:7a195531828b46ea9c4623c47e1dc45650fc7206f8a71825898dd4c9004b0928"},
    {file = "grpcio-1.62.0-cp311-cp311-manylinux_2_17_i686.manylinux2014_i686.whl", hash = "sha256:ab140a3542bbcea37162bdfc12ce0d47a3cda3f2d91b752a124cc9fe6776a9e2"},
    {file = "grpcio-1.62.0-cp311-cp311-manylinux_2_17_x86_64.manylinux2014_x86_64.whl", hash = "sha256:7f9d6c3223914abb51ac564dc9c3782d23ca445d2864321b9059d62d47144021"},
    {file = "grpcio-1.62.0-cp311-cp311-musllinux_1_1_i686.whl", hash = "sha256:fbe0c20ce9a1cff75cfb828b21f08d0a1ca527b67f2443174af6626798a754a4"},
    {file = "grpcio-1.62.0-cp311-cp311-musllinux_1_1_x86_64.whl", hash = "sha256:38f69de9c28c1e7a8fd24e4af4264726637b72f27c2099eaea6e513e7142b47e"},
    {file = "grpcio-1.62.0-cp311-cp311-win32.whl", hash = "sha256:ce1aafdf8d3f58cb67664f42a617af0e34555fe955450d42c19e4a6ad41c84bd"},
    {file = "grpcio-1.62.0-cp311-cp311-win_amd64.whl", hash = "sha256:eef1d16ac26c5325e7d39f5452ea98d6988c700c427c52cbc7ce3201e6d93334"},
    {file = "grpcio-1.62.0-cp312-cp312-linux_armv7l.whl", hash = "sha256:8aab8f90b2a41208c0a071ec39a6e5dbba16fd827455aaa070fec241624ccef8"},
    {file = "grpcio-1.62.0-cp312-cp312-macosx_10_10_universal2.whl", hash = "sha256:62aa1659d8b6aad7329ede5d5b077e3d71bf488d85795db517118c390358d5f6"},
    {file = "grpcio-1.62.0-cp312-cp312-manylinux_2_17_aarch64.whl", hash = "sha256:0d7ae7fc7dbbf2d78d6323641ded767d9ec6d121aaf931ec4a5c50797b886532"},
    {file = "grpcio-1.62.0-cp312-cp312-manylinux_2_17_i686.manylinux2014_i686.whl", hash = "sha256:f359d635ee9428f0294bea062bb60c478a8ddc44b0b6f8e1f42997e5dc12e2ee"},
    {file = "grpcio-1.62.0-cp312-cp312-manylinux_2_17_x86_64.manylinux2014_x86_64.whl", hash = "sha256:77d48e5b1f8f4204889f1acf30bb57c30378e17c8d20df5acbe8029e985f735c"},
    {file = "grpcio-1.62.0-cp312-cp312-musllinux_1_1_i686.whl", hash = "sha256:662d3df5314ecde3184cf87ddd2c3a66095b3acbb2d57a8cada571747af03873"},
    {file = "grpcio-1.62.0-cp312-cp312-musllinux_1_1_x86_64.whl", hash = "sha256:92cdb616be44c8ac23a57cce0243af0137a10aa82234f23cd46e69e115071388"},
    {file = "grpcio-1.62.0-cp312-cp312-win32.whl", hash = "sha256:0b9179478b09ee22f4a36b40ca87ad43376acdccc816ce7c2193a9061bf35701"},
    {file = "grpcio-1.62.0-cp312-cp312-win_amd64.whl", hash = "sha256:614c3ed234208e76991992342bab725f379cc81c7dd5035ee1de2f7e3f7a9842"},
    {file = "grpcio-1.62.0-cp37-cp37m-linux_armv7l.whl", hash = "sha256:7e1f51e2a460b7394670fdb615e26d31d3260015154ea4f1501a45047abe06c9"},
    {file = "grpcio-1.62.0-cp37-cp37m-macosx_10_10_universal2.whl", hash = "sha256:bcff647e7fe25495e7719f779cc219bbb90b9e79fbd1ce5bda6aae2567f469f2"},
    {file = "grpcio-1.62.0-cp37-cp37m-manylinux_2_17_aarch64.whl", hash = "sha256:56ca7ba0b51ed0de1646f1735154143dcbdf9ec2dbe8cc6645def299bb527ca1"},
    {file = "grpcio-1.62.0-cp37-cp37m-manylinux_2_17_i686.manylinux2014_i686.whl", hash = "sha256:2e84bfb2a734e4a234b116be208d6f0214e68dcf7804306f97962f93c22a1839"},
    {file = "grpcio-1.62.0-cp37-cp37m-manylinux_2_17_x86_64.manylinux2014_x86_64.whl", hash = "sha256:2c1488b31a521fbba50ae86423f5306668d6f3a46d124f7819c603979fc538c4"},
    {file = "grpcio-1.62.0-cp37-cp37m-musllinux_1_1_i686.whl", hash = "sha256:98d8f4eb91f1ce0735bf0b67c3b2a4fea68b52b2fd13dc4318583181f9219b4b"},
    {file = "grpcio-1.62.0-cp37-cp37m-musllinux_1_1_x86_64.whl", hash = "sha256:b3d3d755cfa331d6090e13aac276d4a3fb828bf935449dc16c3d554bf366136b"},
    {file = "grpcio-1.62.0-cp37-cp37m-win_amd64.whl", hash = "sha256:a33f2bfd8a58a02aab93f94f6c61279be0f48f99fcca20ebaee67576cd57307b"},
    {file = "grpcio-1.62.0-cp38-cp38-linux_armv7l.whl", hash = "sha256:5e709f7c8028ce0443bddc290fb9c967c1e0e9159ef7a030e8c21cac1feabd35"},
    {file = "grpcio-1.62.0-cp38-cp38-macosx_10_10_universal2.whl", hash = "sha256:2f3d9a4d0abb57e5f49ed5039d3ed375826c2635751ab89dcc25932ff683bbb6"},
    {file = "grpcio-1.62.0-cp38-cp38-manylinux_2_17_aarch64.whl", hash = "sha256:62ccb92f594d3d9fcd00064b149a0187c246b11e46ff1b7935191f169227f04c"},
    {file = "grpcio-1.62.0-cp38-cp38-manylinux_2_17_i686.manylinux2014_i686.whl", hash = "sha256:921148f57c2e4b076af59a815467d399b7447f6e0ee10ef6d2601eb1e9c7f402"},
    {file = "grpcio-1.62.0-cp38-cp38-manylinux_2_17_x86_64.manylinux2014_x86_64.whl", hash = "sha256:f897b16190b46bc4d4aaf0a32a4b819d559a37a756d7c6b571e9562c360eed72"},
    {file = "grpcio-1.62.0-cp38-cp38-musllinux_1_1_i686.whl", hash = "sha256:1bc8449084fe395575ed24809752e1dc4592bb70900a03ca42bf236ed5bf008f"},
    {file = "grpcio-1.62.0-cp38-cp38-musllinux_1_1_x86_64.whl", hash = "sha256:81d444e5e182be4c7856cd33a610154fe9ea1726bd071d07e7ba13fafd202e38"},
    {file = "grpcio-1.62.0-cp38-cp38-win32.whl", hash = "sha256:88f41f33da3840b4a9bbec68079096d4caf629e2c6ed3a72112159d570d98ebe"},
    {file = "grpcio-1.62.0-cp38-cp38-win_amd64.whl", hash = "sha256:fc2836cb829895ee190813446dce63df67e6ed7b9bf76060262c55fcd097d270"},
    {file = "grpcio-1.62.0-cp39-cp39-linux_armv7l.whl", hash = "sha256:fcc98cff4084467839d0a20d16abc2a76005f3d1b38062464d088c07f500d170"},
    {file = "grpcio-1.62.0-cp39-cp39-macosx_10_10_universal2.whl", hash = "sha256:0d3dee701e48ee76b7d6fbbba18ba8bc142e5b231ef7d3d97065204702224e0e"},
    {file = "grpcio-1.62.0-cp39-cp39-manylinux_2_17_aarch64.whl", hash = "sha256:b7a6be562dd18e5d5bec146ae9537f20ae1253beb971c0164f1e8a2f5a27e829"},
    {file = "grpcio-1.62.0-cp39-cp39-manylinux_2_17_i686.manylinux2014_i686.whl", hash = "sha256:29cb592c4ce64a023712875368bcae13938c7f03e99f080407e20ffe0a9aa33b"},
    {file = "grpcio-1.62.0-cp39-cp39-manylinux_2_17_x86_64.manylinux2014_x86_64.whl", hash = "sha256:1eda79574aec8ec4d00768dcb07daba60ed08ef32583b62b90bbf274b3c279f7"},
    {file = "grpcio-1.62.0-cp39-cp39-musllinux_1_1_i686.whl", hash = "sha256:7eea57444a354ee217fda23f4b479a4cdfea35fb918ca0d8a0e73c271e52c09c"},
    {file = "grpcio-1.62.0-cp39-cp39-musllinux_1_1_x86_64.whl", hash = "sha256:0e97f37a3b7c89f9125b92d22e9c8323f4e76e7993ba7049b9f4ccbe8bae958a"},
    {file = "grpcio-1.62.0-cp39-cp39-win32.whl", hash = "sha256:39cd45bd82a2e510e591ca2ddbe22352e8413378852ae814549c162cf3992a93"},
    {file = "grpcio-1.62.0-cp39-cp39-win_amd64.whl", hash = "sha256:b71c65427bf0ec6a8b48c68c17356cb9fbfc96b1130d20a07cb462f4e4dcdcd5"},
    {file = "grpcio-1.62.0.tar.gz", hash = "sha256:748496af9238ac78dcd98cce65421f1adce28c3979393e3609683fcd7f3880d7"},
]

[package.extras]
protobuf = ["grpcio-tools (>=1.62.0)"]

[[package]]
name = "marshmallow"
version = "3.21.1"
description = "A lightweight library for converting complex datatypes to and from native Python datatypes."
optional = false
python-versions = ">=3.8"
files = [
    {file = "marshmallow-3.21.1-py3-none-any.whl", hash = "sha256:f085493f79efb0644f270a9bf2892843142d80d7174bbbd2f3713f2a589dc633"},
    {file = "marshmallow-3.21.1.tar.gz", hash = "sha256:4e65e9e0d80fc9e609574b9983cf32579f305c718afb30d7233ab818571768c3"},
]

[package.dependencies]
packaging = ">=17.0"

[package.extras]
dev = ["marshmallow[tests]", "pre-commit (>=3.5,<4.0)", "tox"]
docs = ["alabaster (==0.7.16)", "autodocsumm (==0.2.12)", "sphinx (==7.2.6)", "sphinx-issues (==4.0.0)", "sphinx-version-warning (==1.1.2)"]
tests = ["pytest", "pytz", "simplejson"]

[[package]]
name = "mypy-extensions"
version = "1.0.0"
description = "Type system extensions for programs checked with the mypy type checker."
optional = false
python-versions = ">=3.5"
files = [
    {file = "mypy_extensions-1.0.0-py3-none-any.whl", hash = "sha256:4392f6c0eb8a5668a69e23d168ffa70f0be9ccfd32b5cc2d26a34ae5b844552d"},
    {file = "mypy_extensions-1.0.0.tar.gz", hash = "sha256:75dbf8955dc00442a438fc4d0666508a9a97b6bd41aa2f0ffe9d2f2725af0782"},
]

[[package]]
name = "packaging"
version = "24.0"
description = "Core utilities for Python packages"
optional = false
python-versions = ">=3.7"
files = [
    {file = "packaging-24.0-py3-none-any.whl", hash = "sha256:2ddfb553fdf02fb784c234c7ba6ccc288296ceabec964ad2eae3777778130bc5"},
    {file = "packaging-24.0.tar.gz", hash = "sha256:eb82c5e3e56209074766e6885bb04b8c38a0c015d0a30036ebe7ece34c9989e9"},
]

[[package]]
name = "protobuf"
version = "4.25.3"
description = ""
optional = false
python-versions = ">=3.8"
files = [
    {file = "protobuf-4.25.3-cp310-abi3-win32.whl", hash = "sha256:d4198877797a83cbfe9bffa3803602bbe1625dc30d8a097365dbc762e5790faa"},
    {file = "protobuf-4.25.3-cp310-abi3-win_amd64.whl", hash = "sha256:209ba4cc916bab46f64e56b85b090607a676f66b473e6b762e6f1d9d591eb2e8"},
    {file = "protobuf-4.25.3-cp37-abi3-macosx_10_9_universal2.whl", hash = "sha256:f1279ab38ecbfae7e456a108c5c0681e4956d5b1090027c1de0f934dfdb4b35c"},
    {file = "protobuf-4.25.3-cp37-abi3-manylinux2014_aarch64.whl", hash = "sha256:e7cb0ae90dd83727f0c0718634ed56837bfeeee29a5f82a7514c03ee1364c019"},
    {file = "protobuf-4.25.3-cp37-abi3-manylinux2014_x86_64.whl", hash = "sha256:7c8daa26095f82482307bc717364e7c13f4f1c99659be82890dcfc215194554d"},
    {file = "protobuf-4.25.3-cp38-cp38-win32.whl", hash = "sha256:f4f118245c4a087776e0a8408be33cf09f6c547442c00395fbfb116fac2f8ac2"},
    {file = "protobuf-4.25.3-cp38-cp38-win_amd64.whl", hash = "sha256:c053062984e61144385022e53678fbded7aea14ebb3e0305ae3592fb219ccfa4"},
    {file = "protobuf-4.25.3-cp39-cp39-win32.whl", hash = "sha256:19b270aeaa0099f16d3ca02628546b8baefe2955bbe23224aaf856134eccf1e4"},
    {file = "protobuf-4.25.3-cp39-cp39-win_amd64.whl", hash = "sha256:e3c97a1555fd6388f857770ff8b9703083de6bf1f9274a002a332d65fbb56c8c"},
    {file = "protobuf-4.25.3-py3-none-any.whl", hash = "sha256:f0700d54bcf45424477e46a9f0944155b46fb0639d69728739c0e47bab83f2b9"},
    {file = "protobuf-4.25.3.tar.gz", hash = "sha256:25b5d0b42fd000320bd7830b349e3b696435f3b329810427a6bcce6a5492cc5c"},
]

[[package]]
name = "typing-extensions"
version = "4.10.0"
description = "Backported and Experimental Type Hints for Python 3.8+"
optional = false
python-versions = ">=3.8"
files = [
    {file = "typing_extensions-4.10.0-py3-none-any.whl", hash = "sha256:69b1a937c3a517342112fb4c6df7e72fc39a38e7891a5730ed4985b5214b5475"},
    {file = "typing_extensions-4.10.0.tar.gz", hash = "sha256:b0abd7c89e8fb96f98db18d86106ff1d90ab692004eb746cf6eda2682f91b3cb"},
]

[[package]]
name = "typing-inspect"
version = "0.9.0"
description = "Runtime inspection utilities for typing module."
optional = false
python-versions = "*"
files = [
    {file = "typing_inspect-0.9.0-py3-none-any.whl", hash = "sha256:9ee6fc59062311ef8547596ab6b955e1b8aa46242d854bfc78f4f6b0eff35f9f"},
    {file = "typing_inspect-0.9.0.tar.gz", hash = "sha256:b23fc42ff6f6ef6954e4852c1fb512cdd18dbea03134f91f856a95ccc9461f78"},
]

[package.dependencies]
mypy-extensions = ">=0.3.0"
typing-extensions = ">=3.7.4"

[metadata]
lock-version = "2.0"
python-versions = "^3.8"
content-hash = "76814bc8325c7fb29afbe240f17bd2dec5e0c57aff0da9e05352097e0be62207"
